Microsoft Visual Studio Solution File, Format Version 12.00
# Visual Studio Version 17
VisualStudioVersion = 17.5.2.0
MinimumVisualStudioVersion = 10.0.40219.1
Project("{FAE04EC0-301F-11D3-BF4B-00C04F79EFBC}") = "Fall2025-Project2-mbaizhakyp", "Fall2025-Project2-mbaizhakyp.csproj", "{A9BA9632-9FD4-DAA4-B54A-EC070202C055}"
EndProject
Global
	GlobalSection(SolutionConfigurationPlatforms) = preSolution
		Debug|Any CPU = Debug|Any CPU
		Release|Any CPU = Release|Any CPU
	EndGlobalSection
	GlobalSection(ProjectConfigurationPlatforms) = postSolution
		{A9BA9632-9FD4-DAA4-B54A-EC070202C055}.Debug|Any CPU.ActiveCfg = Debug|Any CPU
		{A9BA9632-9FD4-DAA4-B54A-EC070202C055}.Debug|Any CPU.Build.0 = Debug|Any CPU
		{A9BA9632-9FD4-DAA4-B54A-EC070202C055}.Release|Any CPU.ActiveCfg = Release|Any CPU
		{A9BA9632-9FD4-DAA4-B54A-EC070202C055}.Release|Any CPU.Build.0 = Release|Any CPU
	EndGlobalSection
	GlobalSection(SolutionProperties) = preSolution
		HideSolutionNode = FALSE
	EndGlobalSection
	GlobalSection(ExtensibilityGlobals) = postSolution
		SolutionGuid = {64AA3B91-FDFC-4A6C-B172-0C390E7E3ADC}
	EndGlobalSection
EndGlobal
